
Microsoft Visual Studio Solution File, Format Version 11.00
# Visual Studio 2010
Project("{FAE04EC0-301F-11D3-BF4B-00C04F79EFBC}") = "GithubApi", "src\GithubApi\GithubApi.csproj", "{F1FDB233-345D-4092-A6B1-25FEBE966EFF}"
EndProject
Project("{FAE04EC0-301F-11D3-BF4B-00C04F79EFBC}") = "Test", "test\Test\Test.csproj", "{F930A60D-56B8-4834-85F8-737849A6BE50}"
EndProject
Global
	GlobalSection(SolutionConfigurationPlatforms) = preSolution
		Debug|Any CPU = Debug|Any CPU
		Release|Any CPU = Release|Any CPU
	EndGlobalSection
	GlobalSection(ProjectConfigurationPlatforms) = postSolution
		{F1FDB233-345D-4092-A6B1-25FEBE966EFF}.Debug|Any CPU.ActiveCfg = Debug|Any CPU
		{F1FDB233-345D-4092-A6B1-25FEBE966EFF}.Debug|Any CPU.Build.0 = Debug|Any CPU
		{F1FDB233-345D-4092-A6B1-25FEBE966EFF}.Release|Any CPU.ActiveCfg = Release|Any CPU
		{F1FDB233-345D-4092-A6B1-25FEBE966EFF}.Release|Any CPU.Build.0 = Release|Any CPU
		{F930A60D-56B8-4834-85F8-737849A6BE50}.Debug|Any CPU.ActiveCfg = Debug|Any CPU
		{F930A60D-56B8-4834-85F8-737849A6BE50}.Debug|Any CPU.Build.0 = Debug|Any CPU
		{F930A60D-56B8-4834-85F8-737849A6BE50}.Release|Any CPU.ActiveCfg = Release|Any CPU
		{F930A60D-56B8-4834-85F8-737849A6BE50}.Release|Any CPU.Build.0 = Release|Any CPU
	EndGlobalSection
	GlobalSection(MonoDevelopProperties) = preSolution
		StartupItem = test\Test\Test.csproj
	EndGlobalSection
EndGlobal
